
Microsoft Visual Studio Solution File, Format Version 12.00
# Visual Studio Version 16
VisualStudioVersion = 16.0.28705.295
MinimumVisualStudioVersion = 10.0.40219.1
Project("{8BC9CEB8-8B4A-11D0-8D11-00A0C91BC942}") = "Sandbox", "Sandbox\Sandbox.vcxproj", "{92A7CA70-B1E3-4A4E-B6BB-AB5D4BBD7613}"
EndProject
Project("{8BC9CEB8-8B4A-11D0-8D11-00A0C91BC942}") = "Hazel", "Hazel\Hazel.vcxproj", "{B9AFE939-ECF4-4F73-85BA-14D99C6B2CE6}"
EndProject
Global
	GlobalSection(SolutionConfigurationPlatforms) = preSolution
		Debug|x64 = Debug|x64
		Release|x64 = Release|x64
	EndGlobalSection
	GlobalSection(ProjectConfigurationPlatforms) = postSolution
		{B9AFE939-ECF4-4F73-85BA-14D99C6B2CE6}.Debug|x64.ActiveCfg = Debug|x64
		{B9AFE939-ECF4-4F73-85BA-14D99C6B2CE6}.Debug|x64.Build.0 = Debug|x64
		{B9AFE939-ECF4-4F73-85BA-14D99C6B2CE6}.Release|x64.ActiveCfg = Release|x64
		{B9AFE939-ECF4-4F73-85BA-14D99C6B2CE6}.Release|x64.Build.0 = Release|x64
		{92A7CA70-B1E3-4A4E-B6BB-AB5D4BBD7613}.Debug|x64.ActiveCfg = Debug|x64
		{92A7CA70-B1E3-4A4E-B6BB-AB5D4BBD7613}.Debug|x64.Build.0 = Debug|x64
		{92A7CA70-B1E3-4A4E-B6BB-AB5D4BBD7613}.Release|x64.ActiveCfg = Release|x64
		{92A7CA70-B1E3-4A4E-B6BB-AB5D4BBD7613}.Release|x64.Build.0 = Release|x64
	EndGlobalSection
	GlobalSection(SolutionProperties) = preSolution
		HideSolutionNode = FALSE
	EndGlobalSection
	GlobalSection(ExtensibilityGlobals) = postSolution
		SolutionGuid = {EEAAAEDE-EDF7-488B-920E-3FEB6826BF13}
	EndGlobalSection
EndGlobal
